// !$*UTF8*$!
{
	archiveVersion = 1;
	classes = {
	};
	objectVersion = 56;
	objects = {

/* Begin PBXBuildFile section */
		D80CAF452BDE73B400FA7E95 /* AppDelegate.swift in Sources */ = {isa = PBXBuildFile; fileRef = D80CAF442BDE73B400FA7E95 /* AppDelegate.swift */; };
		D80CAF472BDE73B400FA7E95 /* SceneDelegate.swift in Sources */ = {isa = PBXBuildFile; fileRef = D80CAF462BDE73B400FA7E95 /* SceneDelegate.swift */; };
		D80CAF492BDE73B400FA7E95 /* TabBarController.swift in Sources */ = {isa = PBXBuildFile; fileRef = D80CAF482BDE73B400FA7E95 /* TabBarController.swift */; };
		D80CAF4E2BDE73B600FA7E95 /* Assets.xcassets in Resources */ = {isa = PBXBuildFile; fileRef = D80CAF4D2BDE73B600FA7E95 /* Assets.xcassets */; };
		D80CAF512BDE73B600FA7E95 /* LaunchScreen.storyboard in Resources */ = {isa = PBXBuildFile; fileRef = D80CAF4F2BDE73B600FA7E95 /* LaunchScreen.storyboard */; };
		D8112D602BE116DB00BD6DD6 /* TodayViewController.swift in Sources */ = {isa = PBXBuildFile; fileRef = D8112D5F2BE116DB00BD6DD6 /* TodayViewController.swift */; };
		D8112D622BE1241300BD6DD6 /* TodayCollectionViewCell.swift in Sources */ = {isa = PBXBuildFile; fileRef = D8112D612BE1241300BD6DD6 /* TodayCollectionViewCell.swift */; };
		D8112D642BE13D6100BD6DD6 /* TodayCollectionHeaderView.swift in Sources */ = {isa = PBXBuildFile; fileRef = D8112D632BE13D6100BD6DD6 /* TodayCollectionHeaderView.swift */; };
		D83984842BE2689200AB8828 /* AppViewController.swift in Sources */ = {isa = PBXBuildFile; fileRef = D83984832BE2689200AB8828 /* AppViewController.swift */; };
		D88459FE2BDFE5B3001626A6 /* Kingfisher in Frameworks */ = {isa = PBXBuildFile; productRef = D88459FD2BDFE5B3001626A6 /* Kingfisher */; };
		D8845A012BDFE5CC001626A6 /* SnapKit in Frameworks */ = {isa = PBXBuildFile; productRef = D8845A002BDFE5CC001626A6 /* SnapKit */; };
		D8845A032BDFE5CC001626A6 /* SnapKit-Dynamic in Frameworks */ = {isa = PBXBuildFile; productRef = D8845A022BDFE5CC001626A6 /* SnapKit-Dynamic */; };
		D892C56B2BE3D1160053BA77 /* FeatureSectionView.swift in Sources */ = {isa = PBXBuildFile; fileRef = D892C56A2BE3D1150053BA77 /* FeatureSectionView.swift */; };
		D892C56D2BE3DB050053BA77 /* FeatureSectionCollectionViewCell.swift in Sources */ = {isa = PBXBuildFile; fileRef = D892C56C2BE3DB050053BA77 /* FeatureSectionCollectionViewCell.swift */; };
		D892C56F2BE3E1000053BA77 /* SeparatorView.swift in Sources */ = {isa = PBXBuildFile; fileRef = D892C56E2BE3E1000053BA77 /* SeparatorView.swift */; };
/* End PBXBuildFile section */

/* Begin PBXFileReference section */
		D80CAF412BDE73B400FA7E95 /* FaUpIn02AppStore.app */ = {isa = PBXFileReference; explicitFileType = wrapper.application; includeInIndex = 0; path = FaUpIn02AppStore.app; sourceTree = BUILT_PRODUCTS_DIR; };
		D80CAF442BDE73B400FA7E95 /* AppDelegate.swift */ = {isa = PBXFileReference; lastKnownFileType = sourcecode.swift; path = AppDelegate.swift; sourceTree = "<group>"; };
		D80CAF462BDE73B400FA7E95 /* SceneDelegate.swift */ = {isa = PBXFileReference; lastKnownFileType = sourcecode.swift; path = SceneDelegate.swift; sourceTree = "<group>"; };
		D80CAF482BDE73B400FA7E95 /* TabBarController.swift */ = {isa = PBXFileReference; lastKnownFileType = sourcecode.swift; path = TabBarController.swift; sourceTree = "<group>"; };
		D80CAF4D2BDE73B600FA7E95 /* Assets.xcassets */ = {isa = PBXFileReference; lastKnownFileType = folder.assetcatalog; path = Assets.xcassets; sourceTree = "<group>"; };
		D80CAF502BDE73B600FA7E95 /* Base */ = {isa = PBXFileReference; lastKnownFileType = file.storyboard; name = Base; path = Base.lproj/LaunchScreen.storyboard; sourceTree = "<group>"; };
		D80CAF522BDE73B600FA7E95 /* Info.plist */ = {isa = PBXFileReference; lastKnownFileType = text.plist.xml; path = Info.plist; sourceTree = "<group>"; };
		D8112D5F2BE116DB00BD6DD6 /* TodayViewController.swift */ = {isa = PBXFileReference; lastKnownFileType = sourcecode.swift; path = TodayViewController.swift; sourceTree = "<group>"; };
		D8112D612BE1241300BD6DD6 /* TodayCollectionViewCell.swift */ = {isa = PBXFileReference; lastKnownFileType = sourcecode.swift; path = TodayCollectionViewCell.swift; sourceTree = "<group>"; };
		D8112D632BE13D6100BD6DD6 /* TodayCollectionHeaderView.swift */ = {isa = PBXFileReference; lastKnownFileType = sourcecode.swift; path = TodayCollectionHeaderView.swift; sourceTree = "<group>"; };
		D83984832BE2689200AB8828 /* AppViewController.swift */ = {isa = PBXFileReference; lastKnownFileType = sourcecode.swift; path = AppViewController.swift; sourceTree = "<group>"; };
		D892C56A2BE3D1150053BA77 /* FeatureSectionView.swift */ = {isa = PBXFileReference; lastKnownFileType = sourcecode.swift; path = FeatureSectionView.swift; sourceTree = "<group>"; };
		D892C56C2BE3DB050053BA77 /* FeatureSectionCollectionViewCell.swift */ = {isa = PBXFileReference; lastKnownFileType = sourcecode.swift; path = FeatureSectionCollectionViewCell.swift; sourceTree = "<group>"; };
		D892C56E2BE3E1000053BA77 /* SeparatorView.swift */ = {isa = PBXFileReference; lastKnownFileType = sourcecode.swift; path = SeparatorView.swift; sourceTree = "<group>"; };
/* End PBXFileReference section */

/* Begin PBXFrameworksBuildPhase section */
		D80CAF3E2BDE73B400FA7E95 /* Frameworks */ = {
			isa = PBXFrameworksBuildPhase;
			buildActionMask = 2147483647;
			files = (
				D88459FE2BDFE5B3001626A6 /* Kingfisher in Frameworks */,
				D8845A012BDFE5CC001626A6 /* SnapKit in Frameworks */,
				D8845A032BDFE5CC001626A6 /* SnapKit-Dynamic in Frameworks */,
			);
			runOnlyForDeploymentPostprocessing = 0;
		};
/* End PBXFrameworksBuildPhase section */

/* Begin PBXGroup section */
		D80CAF382BDE73B400FA7E95 = {
			isa = PBXGroup;
			children = (
				D80CAF432BDE73B400FA7E95 /* FaUpIn02AppStore */,
				D80CAF422BDE73B400FA7E95 /* Products */,
			);
			sourceTree = "<group>";
		};
		D80CAF422BDE73B400FA7E95 /* Products */ = {
			isa = PBXGroup;
			children = (
				D80CAF412BDE73B400FA7E95 /* FaUpIn02AppStore.app */,
			);
			name = Products;
			sourceTree = "<group>";
		};
		D80CAF432BDE73B400FA7E95 /* FaUpIn02AppStore */ = {
			isa = PBXGroup;
			children = (
				D80CAF442BDE73B400FA7E95 /* AppDelegate.swift */,
				D80CAF462BDE73B400FA7E95 /* SceneDelegate.swift */,
				D8112D5D2BE1167B00BD6DD6 /* Scenes */,
				D80CAF4D2BDE73B600FA7E95 /* Assets.xcassets */,
				D80CAF4F2BDE73B600FA7E95 /* LaunchScreen.storyboard */,
				D80CAF522BDE73B600FA7E95 /* Info.plist */,
			);
			path = FaUpIn02AppStore;
			sourceTree = "<group>";
		};
		D8112D5D2BE1167B00BD6DD6 /* Scenes */ = {
			isa = PBXGroup;
			children = (
				D83984822BE2687000AB8828 /* App */,
				D8112D5E2BE116A500BD6DD6 /* Today */,
				D80CAF482BDE73B400FA7E95 /* TabBarController.swift */,
			);
			path = Scenes;
			sourceTree = "<group>";
		};
		D8112D5E2BE116A500BD6DD6 /* Today */ = {
			isa = PBXGroup;
			children = (
				D8112D5F2BE116DB00BD6DD6 /* TodayViewController.swift */,
				D8112D612BE1241300BD6DD6 /* TodayCollectionViewCell.swift */,
				D8112D632BE13D6100BD6DD6 /* TodayCollectionHeaderView.swift */,
			);
			path = Today;
			sourceTree = "<group>";
		};
		D83984822BE2687000AB8828 /* App */ = {
			isa = PBXGroup;
			children = (
				D83984832BE2689200AB8828 /* AppViewController.swift */,
				D892C56A2BE3D1150053BA77 /* FeatureSectionView.swift */,
				D892C56E2BE3E1000053BA77 /* SeparatorView.swift */,
				D892C56C2BE3DB050053BA77 /* FeatureSectionCollectionViewCell.swift */,
			);
			path = App;
			sourceTree = "<group>";
		};
/* End PBXGroup section */

/* Begin PBXNativeTarget section */
		D80CAF402BDE73B400FA7E95 /* FaUpIn02AppStore */ = {
			isa = PBXNativeTarget;
			buildConfigurationList = D80CAF552BDE73B600FA7E95 /* Build configuration list for PBXNativeTarget "FaUpIn02AppStore" */;
			buildPhases = (
				D80CAF3D2BDE73B400FA7E95 /* Sources */,
				D80CAF3E2BDE73B400FA7E95 /* Frameworks */,
				D80CAF3F2BDE73B400FA7E95 /* Resources */,
			);
			buildRules = (
			);
			dependencies = (
			);
			name = FaUpIn02AppStore;
			packageProductDependencies = (
				D88459FD2BDFE5B3001626A6 /* Kingfisher */,
				D8845A002BDFE5CC001626A6 /* SnapKit */,
				D8845A022BDFE5CC001626A6 /* SnapKit-Dynamic */,
			);
			productName = FaUpIn02AppStore;
			productReference = D80CAF412BDE73B400FA7E95 /* FaUpIn02AppStore.app */;
			productType = "com.apple.product-type.application";
		};
/* End PBXNativeTarget section */

/* Begin PBXProject section */
		D80CAF392BDE73B400FA7E95 /* Project object */ = {
			isa = PBXProject;
			attributes = {
				BuildIndependentTargetsInParallel = 1;
				LastSwiftUpdateCheck = 1510;
				LastUpgradeCheck = 1510;
				TargetAttributes = {
					D80CAF402BDE73B400FA7E95 = {
						CreatedOnToolsVersion = 15.1;
					};
				};
			};
			buildConfigurationList = D80CAF3C2BDE73B400FA7E95 /* Build configuration list for PBXProject "FaUpIn02AppStore" */;
			compatibilityVersion = "Xcode 14.0";
			developmentRegion = en;
			hasScannedForEncodings = 0;
			knownRegions = (
				en,
				Base,
			);
			mainGroup = D80CAF382BDE73B400FA7E95;
			packageReferences = (
				D88459FC2BDFE5B3001626A6 /* XCRemoteSwiftPackageReference "Kingfisher" */,
				D88459FF2BDFE5CC001626A6 /* XCRemoteSwiftPackageReference "SnapKit" */,
			);
			productRefGroup = D80CAF422BDE73B400FA7E95 /* Products */;
			projectDirPath = "";
			projectRoot = "";
			targets = (
				D80CAF402BDE73B400FA7E95 /* FaUpIn02AppStore */,
			);
		};
/* End PBXProject section */

/* Begin PBXResourcesBuildPhase section */
		D80CAF3F2BDE73B400FA7E95 /* Resources */ = {
			isa = PBXResourcesBuildPhase;
			buildActionMask = 2147483647;
			files = (
				D80CAF512BDE73B600FA7E95 /* LaunchScreen.storyboard in Resources */,
				D80CAF4E2BDE73B600FA7E95 /* Assets.xcassets in Resources */,
			);
			runOnlyForDeploymentPostprocessing = 0;
		};
/* End PBXResourcesBuildPhase section */

/* Begin PBXSourcesBuildPhase section */
		D80CAF3D2BDE73B400FA7E95 /* Sources */ = {
			isa = PBXSourcesBuildPhase;
			buildActionMask = 2147483647;
			files = (
				D8112D602BE116DB00BD6DD6 /* TodayViewController.swift in Sources */,
				D80CAF492BDE73B400FA7E95 /* TabBarController.swift in Sources */,
				D892C56F2BE3E1000053BA77 /* SeparatorView.swift in Sources */,
				D80CAF452BDE73B400FA7E95 /* AppDelegate.swift in Sources */,
				D8112D642BE13D6100BD6DD6 /* TodayCollectionHeaderView.swift in Sources */,
				D83984842BE2689200AB8828 /* AppViewController.swift in Sources */,
				D892C56D2BE3DB050053BA77 /* FeatureSectionCollectionViewCell.swift in Sources */,
				D80CAF472BDE73B400FA7E95 /* SceneDelegate.swift in Sources */,
				D8112D622BE1241300BD6DD6 /* TodayCollectionViewCell.swift in Sources */,
				D892C56B2BE3D1160053BA77 /* FeatureSectionView.swift in Sources */,
			);
			runOnlyForDeploymentPostprocessing = 0;
		};
/* End PBXSourcesBuildPhase section */

/* Begin PBXVariantGroup section */
		D80CAF4F2BDE73B600FA7E95 /* LaunchScreen.storyboard */ = {
			isa = PBXVariantGroup;
			children = (
				D80CAF502BDE73B600FA7E95 /* Base */,
			);
			name = LaunchScreen.storyboard;
			sourceTree = "<group>";
		};
/* End PBXVariantGroup section */

/* Begin XCBuildConfiguration section */
		D80CAF532BDE73B600FA7E95 /* Debug */ = {
			isa = XCBuildConfiguration;
			buildSettings = {
				ALWAYS_SEARCH_USER_PATHS = NO;
				ASSETCATALOG_COMPILER_GENERATE_SWIFT_ASSET_SYMBOL_EXTENSIONS = YES;
				CLANG_ANALYZER_NONNULL = YES;
				CLANG_ANALYZER_NUMBER_OBJECT_CONVERSION = YES_AGGRESSIVE;
				CLANG_CXX_LANGUAGE_STANDARD = "gnu++20";
				CLANG_ENABLE_MODULES = YES;
				CLANG_ENABLE_OBJC_ARC = YES;
				CLANG_ENABLE_OBJC_WEAK = YES;
				CLANG_WARN_BLOCK_CAPTURE_AUTORELEASING = YES;
				CLANG_WARN_BOOL_CONVERSION = YES;
				CLANG_WARN_COMMA = YES;
				CLANG_WARN_CONSTANT_CONVERSION = YES;
				CLANG_WARN_DEPRECATED_OBJC_IMPLEMENTATIONS = YES;
				CLANG_WARN_DIRECT_OBJC_ISA_USAGE = YES_ERROR;
				CLANG_WARN_DOCUMENTATION_COMMENTS = YES;
				CLANG_WARN_EMPTY_BODY = YES;
				CLANG_WARN_ENUM_CONVERSION = YES;
				CLANG_WARN_INFINITE_RECURSION = YES;
				CLANG_WARN_INT_CONVERSION = YES;
				CLANG_WARN_NON_LITERAL_NULL_CONVERSION = YES;
				CLANG_WARN_OBJC_IMPLICIT_RETAIN_SELF = YES;
				CLANG_WARN_OBJC_LITERAL_CONVERSION = YES;
				CLANG_WARN_OBJC_ROOT_CLASS = YES_ERROR;
				CLANG_WARN_QUOTED_INCLUDE_IN_FRAMEWORK_HEADER = YES;
				CLANG_WARN_RANGE_LOOP_ANALYSIS = YES;
				CLANG_WARN_STRICT_PROTOTYPES = YES;
				CLANG_WARN_SUSPICIOUS_MOVE = YES;
				CLANG_WARN_UNGUARDED_AVAILABILITY = YES_AGGRESSIVE;
				CLANG_WARN_UNREACHABLE_CODE = YES;
				CLANG_WARN__DUPLICATE_METHOD_MATCH = YES;
				COPY_PHASE_STRIP = NO;
				DEBUG_INFORMATION_FORMAT = dwarf;
				ENABLE_STRICT_OBJC_MSGSEND = YES;
				ENABLE_TESTABILITY = YES;
				ENABLE_USER_SCRIPT_SANDBOXING = YES;
				GCC_C_LANGUAGE_STANDARD = gnu17;
				GCC_DYNAMIC_NO_PIC = NO;
				GCC_NO_COMMON_BLOCKS = YES;
				GCC_OPTIMIZATION_LEVEL = 0;
				GCC_PREPROCESSOR_DEFINITIONS = (
					"DEBUG=1",
					"$(inherited)",
				);
				GCC_WARN_64_TO_32_BIT_CONVERSION = YES;
				GCC_WARN_ABOUT_RETURN_TYPE = YES_ERROR;
				GCC_WARN_UNDECLARED_SELECTOR = YES;
				GCC_WARN_UNINITIALIZED_AUTOS = YES_AGGRESSIVE;
				GCC_WARN_UNUSED_FUNCTION = YES;
				GCC_WARN_UNUSED_VARIABLE = YES;
				IPHONEOS_DEPLOYMENT_TARGET = 17.2;
				LOCALIZATION_PREFERS_STRING_CATALOGS = YES;
				MTL_ENABLE_DEBUG_INFO = INCLUDE_SOURCE;
				MTL_FAST_MATH = YES;
				ONLY_ACTIVE_ARCH = YES;
				SDKROOT = iphoneos;
				SWIFT_ACTIVE_COMPILATION_CONDITIONS = "DEBUG $(inherited)";
				SWIFT_OPTIMIZATION_LEVEL = "-Onone";
			};
			name = Debug;
		};
		D80CAF542BDE73B600FA7E95 /* Release */ = {
			isa = XCBuildConfiguration;
			buildSettings = {
				ALWAYS_SEARCH_USER_PATHS = NO;
				ASSETCATALOG_COMPILER_GENERATE_SWIFT_ASSET_SYMBOL_EXTENSIONS = YES;
				CLANG_ANALYZER_NONNULL = YES;
				CLANG_ANALYZER_NUMBER_OBJECT_CONVERSION = YES_AGGRESSIVE;
				CLANG_CXX_LANGUAGE_STANDARD = "gnu++20";
				CLANG_ENABLE_MODULES = YES;
				CLANG_ENABLE_OBJC_ARC = YES;
				CLANG_ENABLE_OBJC_WEAK = YES;
				CLANG_WARN_BLOCK_CAPTURE_AUTORELEASING = YES;
				CLANG_WARN_BOOL_CONVERSION = YES;
				CLANG_WARN_COMMA = YES;
				CLANG_WARN_CONSTANT_CONVERSION = YES;
				CLANG_WARN_DEPRECATED_OBJC_IMPLEMENTATIONS = YES;
				CLANG_WARN_DIRECT_OBJC_ISA_USAGE = YES_ERROR;
				CLANG_WARN_DOCUMENTATION_COMMENTS = YES;
				CLANG_WARN_EMPTY_BODY = YES;
				CLANG_WARN_ENUM_CONVERSION = YES;
				CLANG_WARN_INFINITE_RECURSION = YES;
				CLANG_WARN_INT_CONVERSION = YES;
				CLANG_WARN_NON_LITERAL_NULL_CONVERSION = YES;
				CLANG_WARN_OBJC_IMPLICIT_RETAIN_SELF = YES;
				CLANG_WARN_OBJC_LITERAL_CONVERSION = YES;
				CLANG_WARN_OBJC_ROOT_CLASS = YES_ERROR;
				CLANG_WARN_QUOTED_INCLUDE_IN_FRAMEWORK_HEADER = YES;
				CLANG_WARN_RANGE_LOOP_ANALYSIS = YES;
				CLANG_WARN_STRICT_PROTOTYPES = YES;
				CLANG_WARN_SUSPICIOUS_MOVE = YES;
				CLANG_WARN_UNGUARDED_AVAILABILITY = YES_AGGRESSIVE;
				CLANG_WARN_UNREACHABLE_CODE = YES;
				CLANG_WARN__DUPLICATE_METHOD_MATCH = YES;
				COPY_PHASE_STRIP = NO;
				DEBUG_INFORMATION_FORMAT = "dwarf-with-dsym";
				ENABLE_NS_ASSERTIONS = NO;
				ENABLE_STRICT_OBJC_MSGSEND = YES;
				ENABLE_USER_SCRIPT_SANDBOXING = YES;
				GCC_C_LANGUAGE_STANDARD = gnu17;
				GCC_NO_COMMON_BLOCKS = YES;
				GCC_WARN_64_TO_32_BIT_CONVERSION = YES;
				GCC_WARN_ABOUT_RETURN_TYPE = YES_ERROR;
				GCC_WARN_UNDECLARED_SELECTOR = YES;
				GCC_WARN_UNINITIALIZED_AUTOS = YES_AGGRESSIVE;
				GCC_WARN_UNUSED_FUNCTION = YES;
				GCC_WARN_UNUSED_VARIABLE = YES;
				IPHONEOS_DEPLOYMENT_TARGET = 17.2;
				LOCALIZATION_PREFERS_STRING_CATALOGS = YES;
				MTL_ENABLE_DEBUG_INFO = NO;
				MTL_FAST_MATH = YES;
				SDKROOT = iphoneos;
				SWIFT_COMPILATION_MODE = wholemodule;
				VALIDATE_PRODUCT = YES;
			};
			name = Release;
		};
		D80CAF562BDE73B600FA7E95 /* Debug */ = {
			isa = XCBuildConfiguration;
			buildSettings = {
				ASSETCATALOG_COMPILER_APPICON_NAME = AppIcon;
				ASSETCATALOG_COMPILER_GLOBAL_ACCENT_COLOR_NAME = AccentColor;
				CODE_SIGN_STYLE = Automatic;
				CURRENT_PROJECT_VERSION = 1;
				GENERATE_INFOPLIST_FILE = YES;
				INFOPLIST_FILE = FaUpIn02AppStore/Info.plist;
				INFOPLIST_KEY_UIApplicationSupportsIndirectInputEvents = YES;
				INFOPLIST_KEY_UILaunchStoryboardName = LaunchScreen;
				INFOPLIST_KEY_UISupportedInterfaceOrientations_iPad = "UIInterfaceOrientationPortrait UIInterfaceOrientationPortraitUpsideDown UIInterfaceOrientationLandscapeLeft UIInterfaceOrientationLandscapeRight";
				INFOPLIST_KEY_UISupportedInterfaceOrientations_iPhone = "UIInterfaceOrientationPortrait UIInterfaceOrientationLandscapeLeft UIInterfaceOrientationLandscapeRight";
				LD_RUNPATH_SEARCH_PATHS = (
					"$(inherited)",
					"@executable_path/Frameworks",
				);
				MARKETING_VERSION = 1.0;
				PRODUCT_BUNDLE_IDENTIFIER = com.joe3524.FaUpIn02AppStore;
				PRODUCT_NAME = "$(TARGET_NAME)";
				SWIFT_EMIT_LOC_STRINGS = YES;
				SWIFT_VERSION = 5.0;
				TARGETED_DEVICE_FAMILY = "1,2";
			};
			name = Debug;
		};
		D80CAF572BDE73B600FA7E95 /* Release */ = {
			isa = XCBuildConfiguration;
			buildSettings = {
				ASSETCATALOG_COMPILER_APPICON_NAME = AppIcon;
				ASSETCATALOG_COMPILER_GLOBAL_ACCENT_COLOR_NAME = AccentColor;
				CODE_SIGN_STYLE = Automatic;
				CURRENT_PROJECT_VERSION = 1;
				GENERATE_INFOPLIST_FILE = YES;
				INFOPLIST_FILE = FaUpIn02AppStore/Info.plist;
				INFOPLIST_KEY_UIApplicationSupportsIndirectInputEvents = YES;
				INFOPLIST_KEY_UILaunchStoryboardName = LaunchScreen;
				INFOPLIST_KEY_UISupportedInterfaceOrientations_iPad = "UIInterfaceOrientationPortrait UIInterfaceOrientationPortraitUpsideDown UIInterfaceOrientationLandscapeLeft UIInterfaceOrientationLandscapeRight";
				INFOPLIST_KEY_UISupportedInterfaceOrientations_iPhone = "UIInterfaceOrientationPortrait UIInterfaceOrientationLandscapeLeft UIInterfaceOrientationLandscapeRight";
				LD_RUNPATH_SEARCH_PATHS = (
					"$(inherited)",
					"@executable_path/Frameworks",
				);
				MARKETING_VERSION = 1.0;
				PRODUCT_BUNDLE_IDENTIFIER = com.joe3524.FaUpIn02AppStore;
				PRODUCT_NAME = "$(TARGET_NAME)";
				SWIFT_EMIT_LOC_STRINGS = YES;
				SWIFT_VERSION = 5.0;
				TARGETED_DEVICE_FAMILY = "1,2";
			};
			name = Release;
		};
/* End XCBuildConfiguration section */

/* Begin XCConfigurationList section */
		D80CAF3C2BDE73B400FA7E95 /* Build configuration list for PBXProject "FaUpIn02AppStore" */ = {
			isa = XCConfigurationList;
			buildConfigurations = (
				D80CAF532BDE73B600FA7E95 /* Debug */,
				D80CAF542BDE73B600FA7E95 /* Release */,
			);
			defaultConfigurationIsVisible = 0;
			defaultConfigurationName = Release;
		};
		D80CAF552BDE73B600FA7E95 /* Build configuration list for PBXNativeTarget "FaUpIn02AppStore" */ = {
			isa = XCConfigurationList;
			buildConfigurations = (
				D80CAF562BDE73B600FA7E95 /* Debug */,
				D80CAF572BDE73B600FA7E95 /* Release */,
			);
			defaultConfigurationIsVisible = 0;
			defaultConfigurationName = Release;
		};
/* End XCConfigurationList section */

/* Begin XCRemoteSwiftPackageReference section */
		D88459FC2BDFE5B3001626A6 /* XCRemoteSwiftPackageReference "Kingfisher" */ = {
			isa = XCRemoteSwiftPackageReference;
			repositoryURL = "https://github.com/onevcat/Kingfisher";
			requirement = {
				kind = upToNextMajorVersion;
				minimumVersion = 7.11.0;
			};
		};
		D88459FF2BDFE5CC001626A6 /* XCRemoteSwiftPackageReference "SnapKit" */ = {
			isa = XCRemoteSwiftPackageReference;
			repositoryURL = "https://github.com/SnapKit/SnapKit";
			requirement = {
				kind = upToNextMajorVersion;
				minimumVersion = 5.7.1;
			};
		};
/* End XCRemoteSwiftPackageReference section */

/* Begin XCSwiftPackageProductDependency section */
		D88459FD2BDFE5B3001626A6 /* Kingfisher */ = {
			isa = XCSwiftPackageProductDependency;
			package = D88459FC2BDFE5B3001626A6 /* XCRemoteSwiftPackageReference "Kingfisher" */;
			productName = Kingfisher;
		};
		D8845A002BDFE5CC001626A6 /* SnapKit */ = {
			isa = XCSwiftPackageProductDependency;
			package = D88459FF2BDFE5CC001626A6 /* XCRemoteSwiftPackageReference "SnapKit" */;
			productName = SnapKit;
		};
		D8845A022BDFE5CC001626A6 /* SnapKit-Dynamic */ = {
			isa = XCSwiftPackageProductDependency;
			package = D88459FF2BDFE5CC001626A6 /* XCRemoteSwiftPackageReference "SnapKit" */;
			productName = "SnapKit-Dynamic";
		};
/* End XCSwiftPackageProductDependency section */
	};
	rootObject = D80CAF392BDE73B400FA7E95 /* Project object */;
}
